<?xml version="1.0" encoding="UTF-8" standalone="yes" ?>
<CodeBlocks_project_file>
	<FileVersion major="1" minor="6" />
	<Project>
		<Option title="LunOS" />
		<Option makefile_is_custom="1" />
		<Option pch_mode="2" />
		<Option compiler="gcc" />
		<Build>
			<Target title="all">
				<Option output="LunOS" prefix_auto="0" extension_auto="0" />
				<Option working_dir="" />
				<Option type="5" />
				<Option compiler="gcc" />
			</Target>
		</Build>
		<Compiler>
			<Add option="-Wall" />
		</Compiler>
		<Unit filename="Makefile" />
		<Unit filename="include/GUI/Button.h">
			<Option target="&lt;{~None~}&gt;" />
		</Unit>
		<Unit filename="include/GUI/Component.h">
			<Option target="&lt;{~None~}&gt;" />
		</Unit>
		<Unit filename="include/GUI/Container.h">
			<Option target="&lt;{~None~}&gt;" />
		</Unit>
		<Unit filename="include/GUI/GUI.h">
			<Option target="&lt;{~None~}&gt;" />
		</Unit>
		<Unit filename="include/Graphics/BMP.h">
			<Option target="&lt;{~None~}&gt;" />
		</Unit>
		<Unit filename="include/Graphics/Font.h">
			<Option target="&lt;{~None~}&gt;" />
		</Unit>
		<Unit filename="include/IOCalls.h">
			<Option target="&lt;{~None~}&gt;" />
		</Unit>
		<Unit filename="include/LunOS.h">
			<Option target="&lt;{~None~}&gt;" />
		</Unit>
		<Unit filename="include/Minesweeper.h">
			<Option target="&lt;{~None~}&gt;" />
		</Unit>
		<Unit filename="include/Stdlib.h">
			<Option target="&lt;{~None~}&gt;" />
		</Unit>
		<Unit filename="include/Stdlib/StdLib.hpp">
			<Option target="&lt;{~None~}&gt;" />
		</Unit>
		<Unit filename="include/String.h">
			<Option target="&lt;{~None~}&gt;" />
		</Unit>
		<Unit filename="include/SysCall.h">
			<Option target="&lt;{~None~}&gt;" />
		</Unit>
		<Unit filename="include/SystemCalls.h">
			<Option target="&lt;{~None~}&gt;" />
		</Unit>
		<Unit filename="include/io/DiskAccess.h">
			<Option target="&lt;{~None~}&gt;" />
		</Unit>
		<Unit filename="include/io/Fat32.h">
			<Option target="&lt;{~None~}&gt;" />
		</Unit>
		<Unit filename="include/io/FileSystem.h">
			<Option target="&lt;{~None~}&gt;" />
		</Unit>
		<Unit filename="include/io/Graphics.h">
			<Option target="&lt;{~None~}&gt;" />
		</Unit>
		<Unit filename="include/io/Io.h">
			<Option target="&lt;{~None~}&gt;" />
		</Unit>
		<Unit filename="include/io/Keyboard.h">
			<Option target="&lt;{~None~}&gt;" />
		</Unit>
		<Unit filename="include/io/Mouse.h">
			<Option target="&lt;{~None~}&gt;" />
		</Unit>
		<Unit filename="include/io/Pci.h">
			<Option target="&lt;{~None~}&gt;" />
		</Unit>
		<Unit filename="include/io/Stream.h">
			<Option target="&lt;{~None~}&gt;" />
		</Unit>
		<Unit filename="include/io/TextReader.h">
			<Option target="&lt;{~None~}&gt;" />
		</Unit>
		<Unit filename="include/kern/Apic.h">
			<Option target="&lt;{~None~}&gt;" />
		</Unit>
		<Unit filename="include/kern/console.h">
			<Option target="&lt;{~None~}&gt;" />
		</Unit>
		<Unit filename="include/kern/core.h">
			<Option target="&lt;{~None~}&gt;" />
		</Unit>
		<Unit filename="include/kern/grub.h">
			<Option target="&lt;{~None~}&gt;" />
		</Unit>
		<Unit filename="include/kern/io/HardDrive.h">
			<Option target="&lt;{~None~}&gt;" />
		</Unit>
		<Unit filename="include/kern/io/Sata.h">
			<Option target="&lt;{~None~}&gt;" />
		</Unit>
		<Unit filename="include/kern/io/dma.h">
			<Option target="&lt;{~None~}&gt;" />
		</Unit>
		<Unit filename="include/kern/io/io.h">
			<Option target="&lt;{~None~}&gt;" />
		</Unit>
		<Unit filename="include/kern/io/isa.h">
			<Option target="&lt;{~None~}&gt;" />
		</Unit>
		<Unit filename="include/kern/io/mouse.h">
			<Option target="&lt;{~None~}&gt;" />
		</Unit>
		<Unit filename="include/kern/io/pci.h">
			<Option target="&lt;{~None~}&gt;" />
		</Unit>
		<Unit filename="include/kern/io/vesa.h">
			<Option target="&lt;{~None~}&gt;" />
		</Unit>
		<Unit filename="include/kern/io/vga.h">
			<Option target="&lt;{~None~}&gt;" />
		</Unit>
		<Unit filename="include/kern/keyboard.h">
			<Option target="&lt;{~None~}&gt;" />
		</Unit>
		<Unit filename="include/kern/linkedList.h">
			<Option target="&lt;{~None~}&gt;" />
		</Unit>
		<Unit filename="include/kern/maxheap.h">
			<Option target="&lt;{~None~}&gt;" />
		</Unit>
		<Unit filename="include/kern/memory.h">
			<Option target="&lt;{~None~}&gt;" />
		</Unit>
		<Unit filename="include/kern/powerManagement.h">
			<Option target="&lt;{~None~}&gt;" />
		</Unit>
		<Unit filename="include/kern/process.h">
			<Option target="&lt;{~None~}&gt;" />
		</Unit>
		<Unit filename="include/kern/scheduler.h">
			<Option target="&lt;{~None~}&gt;" />
		</Unit>
		<Unit filename="include/kern/system.h">
			<Option target="&lt;{~None~}&gt;" />
		</Unit>
		<Unit filename="include/kern/user.h">
			<Option target="&lt;{~None~}&gt;" />
		</Unit>
		<Unit filename="include/prompt.h">
			<Option target="&lt;{~None~}&gt;" />
		</Unit>
		<Unit filename="include/synchronization.h">
			<Option target="&lt;{~None~}&gt;" />
		</Unit>
		<Unit filename="src/GUI/Button.cpp">
			<Option target="&lt;{~None~}&gt;" />
		</Unit>
		<Unit filename="src/GUI/Component.cpp">
			<Option target="&lt;{~None~}&gt;" />
		</Unit>
		<Unit filename="src/Graphics/BMP.cpp">
			<Option target="&lt;{~None~}&gt;" />
		</Unit>
		<Unit filename="src/Graphics/Font.cpp">
			<Option target="&lt;{~None~}&gt;" />
		</Unit>
		<Unit filename="src/Minesweeper.cpp">
			<Option target="&lt;{~None~}&gt;" />
		</Unit>
		<Unit filename="src/SystemCalls.cpp">
			<Option target="&lt;{~None~}&gt;" />
		</Unit>
		<Unit filename="src/io/DiskAccess.cpp">
			<Option target="&lt;{~None~}&gt;" />
		</Unit>
		<Unit filename="src/io/Fat32.cpp">
			<Option target="&lt;{~None~}&gt;" />
		</Unit>
		<Unit filename="src/io/FileSystem.cpp">
			<Option target="&lt;{~None~}&gt;" />
		</Unit>
		<Unit filename="src/io/Graphics.cpp">
			<Option target="&lt;{~None~}&gt;" />
		</Unit>
		<Unit filename="src/io/Keyboard.cpp">
			<Option target="&lt;{~None~}&gt;" />
		</Unit>
		<Unit filename="src/io/Mouse.cpp">
			<Option target="&lt;{~None~}&gt;" />
		</Unit>
		<Unit filename="src/io/PCIStream.cpp">
			<Option target="&lt;{~None~}&gt;" />
		</Unit>
		<Unit filename="src/io/Stream.cpp">
			<Option target="&lt;{~None~}&gt;" />
		</Unit>
		<Unit filename="src/io/TextReader.cpp">
			<Option target="&lt;{~None~}&gt;" />
		</Unit>
		<Unit filename="src/kern/Apic.cpp">
			<Option target="&lt;{~None~}&gt;" />
		</Unit>
		<Unit filename="src/kern/console.cpp">
			<Option target="&lt;{~None~}&gt;" />
		</Unit>
		<Unit filename="src/kern/gdt.cpp">
			<Option target="&lt;{~None~}&gt;" />
		</Unit>
		<Unit filename="src/kern/idt.cpp">
			<Option target="&lt;{~None~}&gt;" />
		</Unit>
		<Unit filename="src/kern/io/dma.cpp">
			<Option target="&lt;{~None~}&gt;" />
		</Unit>
		<Unit filename="src/kern/io/hdd.cpp">
			<Option target="&lt;{~None~}&gt;" />
		</Unit>
		<Unit filename="src/kern/io/io.cpp">
			<Option target="&lt;{~None~}&gt;" />
		</Unit>
		<Unit filename="src/kern/io/isa.cpp">
			<Option target="&lt;{~None~}&gt;" />
		</Unit>
		<Unit filename="src/kern/io/mouse.cpp">
			<Option target="&lt;{~None~}&gt;" />
		</Unit>
		<Unit filename="src/kern/io/pci.asm">
			<Option target="&lt;{~None~}&gt;" />
		</Unit>
		<Unit filename="src/kern/io/pci.cpp">
			<Option target="&lt;{~None~}&gt;" />
		</Unit>
		<Unit filename="src/kern/io/sata.cpp">
			<Option target="&lt;{~None~}&gt;" />
		</Unit>
		<Unit filename="src/kern/io/vesa.cpp">
			<Option target="&lt;{~None~}&gt;" />
		</Unit>
		<Unit filename="src/kern/io/vga.cpp">
			<Option target="&lt;{~None~}&gt;" />
		</Unit>
		<Unit filename="src/kern/irq.cpp">
			<Option target="&lt;{~None~}&gt;" />
		</Unit>
		<Unit filename="src/kern/isrs.cpp">
			<Option target="&lt;{~None~}&gt;" />
		</Unit>
		<Unit filename="src/kern/kb.cpp">
			<Option target="&lt;{~None~}&gt;" />
		</Unit>
		<Unit filename="src/kern/linkedList.cpp">
			<Option target="&lt;{~None~}&gt;" />
		</Unit>
		<Unit filename="src/kern/main.cpp">
			<Option target="&lt;{~None~}&gt;" />
		</Unit>
		<Unit filename="src/kern/maxheap.cpp">
			<Option target="&lt;{~None~}&gt;" />
		</Unit>
		<Unit filename="src/kern/memory.cpp">
			<Option target="&lt;{~None~}&gt;" />
		</Unit>
		<Unit filename="src/kern/powerManagement.cpp">
			<Option target="&lt;{~None~}&gt;" />
		</Unit>
		<Unit filename="src/kern/process.cpp">
			<Option target="&lt;{~None~}&gt;" />
		</Unit>
		<Unit filename="src/kern/scheduler.cpp">
			<Option target="&lt;{~None~}&gt;" />
		</Unit>
		<Unit filename="src/kern/string.cpp">
			<Option target="&lt;{~None~}&gt;" />
		</Unit>
		<Unit filename="src/kern/system.cpp">
			<Option target="&lt;{~None~}&gt;" />
		</Unit>
		<Unit filename="src/kern/timer.cpp">
			<Option target="&lt;{~None~}&gt;" />
		</Unit>
		<Unit filename="src/kern/user.cpp">
			<Option target="&lt;{~None~}&gt;" />
		</Unit>
		<Unit filename="src/prompt.cpp">
			<Option target="&lt;{~None~}&gt;" />
		</Unit>
		<Unit filename="src/synchronization.cpp">
			<Option target="&lt;{~None~}&gt;" />
		</Unit>
		<Unit filename="start.asm">
			<Option target="&lt;{~None~}&gt;" />
		</Unit>
		<Extensions>
			<code_completion />
			<debugger />
		</Extensions>
	</Project>
</CodeBlocks_project_file>
